
Microsoft Visual Studio Solution File, Format Version 11.00
# Visual Studio 2010
Project("{FAE04EC0-301F-11D3-BF4B-00C04F79EFBC}") = "KinectEducationForKids", "KinectEducationForKids\KinectEducationForKids.csproj", "{DDC27F8A-D6C1-4EEF-B882-A94E80612CFD}"
EndProject
Global
	GlobalSection(SolutionConfigurationPlatforms) = preSolution
		Debug|x86 = Debug|x86
		Release|x86 = Release|x86
	EndGlobalSection
	GlobalSection(ProjectConfigurationPlatforms) = postSolution
		{DDC27F8A-D6C1-4EEF-B882-A94E80612CFD}.Debug|x86.ActiveCfg = Debug|x86
		{DDC27F8A-D6C1-4EEF-B882-A94E80612CFD}.Debug|x86.Build.0 = Debug|x86
		{DDC27F8A-D6C1-4EEF-B882-A94E80612CFD}.Release|x86.ActiveCfg = Release|x86
		{DDC27F8A-D6C1-4EEF-B882-A94E80612CFD}.Release|x86.Build.0 = Release|x86
	EndGlobalSection
	GlobalSection(SolutionProperties) = preSolution
		HideSolutionNode = FALSE
	EndGlobalSection
EndGlobal
